<?xml version="1.0" encoding="utf-8"?>
<Project ToolsVersion="4.0" xmlns="http://schemas.microsoft.com/developer/msbuild/2003">
  <ItemGroup>
    <Filter Include="BaseTypes">
      <UniqueIdentifier>{4bc7686d-eacb-4492-a85f-0465c34fbaf6}</UniqueIdentifier>
    </Filter>
    <Filter Include="CompileTime">
      <UniqueIdentifier>{f7d466a4-7a0e-4dff-93bf-b30c9ebeee5c}</UniqueIdentifier>
    </Filter>
    <Filter Include="Containers">
      <UniqueIdentifier>{0c181756-a370-4842-8879-f41c75ae7aca}</UniqueIdentifier>
    </Filter>
    <Filter Include="DataBase">
      <UniqueIdentifier>{785c4140-6e8d-40cc-820c-bbe477b523f9}</UniqueIdentifier>
    </Filter>
    <Filter Include="Dimensions">
      <UniqueIdentifier>{1a6cf666-7eac-4a45-8503-a572af58edbf}</UniqueIdentifier>
    </Filter>
    <Filter Include="Defines">
      <UniqueIdentifier>{44810780-5f14-4440-b809-b76c637e9c0a}</UniqueIdentifier>
    </Filter>
    <Filter Include="Files">
      <UniqueIdentifier>{0c616521-754e-4c28-8af1-88cdd131eb37}</UniqueIdentifier>
    </Filter>
    <Filter Include="Java">
      <UniqueIdentifier>{31cd50be-d7a8-4465-8211-e0ff629e9ac4}</UniqueIdentifier>
    </Filter>
    <Filter Include="LibC">
      <UniqueIdentifier>{5f2d706b-14b4-4a52-8172-371b4bd02497}</UniqueIdentifier>
    </Filter>
    <Filter Include="Math">
      <UniqueIdentifier>{b09d737b-f906-4359-b4ef-68254617069d}</UniqueIdentifier>
    </Filter>
    <Filter Include="Math\Rand">
      <UniqueIdentifier>{a1aae291-0819-4fc7-9547-af07e297a8ac}</UniqueIdentifier>
    </Filter>
    <Filter Include="OS">
      <UniqueIdentifier>{87e4934f-9c10-4f54-8fb3-5e0066b4af41}</UniqueIdentifier>
    </Filter>
    <Filter Include="OS\Android">
      <UniqueIdentifier>{afa42670-0b09-4dd7-86b6-5959210f06cb}</UniqueIdentifier>
    </Filter>
    <Filter Include="OS\Base">
      <UniqueIdentifier>{addd1fe8-42d4-4c8f-97ef-3a4df762d80f}</UniqueIdentifier>
    </Filter>
    <Filter Include="OS\Posix">
      <UniqueIdentifier>{5b98c8af-f22a-40e7-913c-766ca30bb57d}</UniqueIdentifier>
    </Filter>
    <Filter Include="OS\SDL">
      <UniqueIdentifier>{0f99adc7-13db-4cf2-89ed-1b87bb4b9659}</UniqueIdentifier>
    </Filter>
    <Filter Include="OS\Windows">
      <UniqueIdentifier>{b6ce665d-3707-4ac4-9649-87c33fd2a887}</UniqueIdentifier>
    </Filter>
    <Filter Include="Platforms">
      <UniqueIdentifier>{1c316678-5d04-4322-b86a-984d4f0374cd}</UniqueIdentifier>
    </Filter>
    <Filter Include="ScriptBindings">
      <UniqueIdentifier>{e6880442-1c39-424b-be1f-217bed451bcc}</UniqueIdentifier>
    </Filter>
    <Filter Include="Types">
      <UniqueIdentifier>{ceb71b32-c8d3-496b-8529-f86c82603968}</UniqueIdentifier>
    </Filter>
    <Filter Include="Unicode">
      <UniqueIdentifier>{16b6c7a9-2c82-4ea3-a0d6-4921c1be31f5}</UniqueIdentifier>
    </Filter>
    <Filter Include="Log">
      <UniqueIdentifier>{cbc44c3e-1356-4420-8654-2d990b8ee22c}</UniqueIdentifier>
    </Filter>
    <Filter Include="ThreadSafe">
      <UniqueIdentifier>{83f8a4d9-9315-4d2c-b376-0eba3cc3f6eb}</UniqueIdentifier>
    </Filter>
    <Filter Include="Time">
      <UniqueIdentifier>{132056f9-226a-4c9c-a6d3-1e78adbe5cb7}</UniqueIdentifier>
    </Filter>
    <Filter Include="Filters">
      <UniqueIdentifier>{99f691a6-ecd1-48d7-ba4f-628ea5968c79}</UniqueIdentifier>
    </Filter>
    <Filter Include="Memory">
      <UniqueIdentifier>{b4acbc64-942e-4c3e-bece-b82c33aca53d}</UniqueIdentifier>
    </Filter>
    <Filter Include="Math\2D">
      <UniqueIdentifier>{3233dc77-1795-449f-bad0-96e463fba45b}</UniqueIdentifier>
    </Filter>
    <Filter Include="Math\3D">
      <UniqueIdentifier>{88ec4482-ad4d-4023-8f44-3758c835e774}</UniqueIdentifier>
    </Filter>
    <Filter Include="Math\Color">
      <UniqueIdentifier>{05a42823-54f5-460f-88ac-8c194cbe68ad}</UniqueIdentifier>
    </Filter>
    <Filter Include="Math\Image">
      <UniqueIdentifier>{6252ecb3-6f5b-4e99-98d1-bd706d80a00d}</UniqueIdentifier>
    </Filter>
    <Filter Include="Math\Spline">
      <UniqueIdentifier>{4d02316b-5f40-49dc-8dee-efc3e5f09680}</UniqueIdentifier>
    </Filter>
  </ItemGroup>
  <ItemGroup>
    <ClInclude Include="..\..\..\STL\BaseTypes\AllFunc.h">
      <Filter>BaseTypes</Filter>
    </ClInclude>
    <ClInclude Include="..\..\..\STL\BaseTypes\TypeCast.h">
      <Filter>BaseTypes</Filter>
    </ClInclude>
    <ClInclude Include="..\..\..\STL\BaseTypes\Types.h">
      <Filter>BaseTypes</Filter>
    </ClInclude>
    <ClInclude Include="..\..\..\STL\CompileTime\CompileTimeChecks.h">
      <Filter>CompileTime</Filter>
    </ClInclude>
    <ClInclude Include="..\..\..\STL\CompileTime\Constants.h">
      <Filter>CompileTime</Filter>
    </ClInclude>
    <ClInclude Include="..\..\..\STL\CompileTime\Signature.h">
      <Filter>CompileTime</Filter>
    </ClInclude>
    <ClInclude Include="..\..\..\STL\CompileTime\TemplateMath.h">
      <Filter>CompileTime</Filter>
    </ClInclude>
    <ClInclude Include="..\..\..\STL\CompileTime\TemplateUtils.h">
      <Filter>CompileTime</Filter>
    </ClInclude>
    <ClInclude Include="..\..\..\STL\CompileTime\TTypeInfo.h">
      <Filter>CompileTime</Filter>
    </ClInclude>
    <ClInclude Include="..\..\..\STL\CompileTime\TypeList.h">
      <Filter>CompileTime</Filter>
    </ClInclude>
    <ClInclude Include="..\..\..\STL\CompileTime\TypeTraits.h">
      <Filter>CompileTime</Filter>
    </ClInclude>
    <ClInclude Include="..\..\..\STL\Containers\CopyStrategy.h">
      <Filter>Containers</Filter>
    </ClInclude>
    <ClInclude Include="..\..\..\STL\Containers\Sorts.h">
      <Filter>Containers</Filter>
    </ClInclude>
    <ClInclude Include="..\..\..\STL\DataBase\SimpleDB.h">
      <Filter>DataBase</Filter>
    </ClInclude>
    <ClInclude Include="..\..\..\STL\Dimensions\ByteAndBit.h">
      <Filter>Dimensions</Filter>
    </ClInclude>
    <ClInclude Include="..\..\..\STL\Dimensions\Helpers.h">
      <Filter>Dimensions</Filter>
    </ClInclude>
    <ClInclude Include="..\..\..\STL\Dimensions\Percentage.h">
      <Filter>Dimensions</Filter>
    </ClInclude>
    <ClInclude Include="..\..\..\STL\Dimensions\PhysicsDimension.h">
      <Filter>Dimensions</Filter>
    </ClInclude>
    <ClInclude Include="..\..\..\STL\Dimensions\PhysicsValue.h">
      <Filter>Dimensions</Filter>
    </ClInclude>
    <ClInclude Include="..\..\..\STL\Dimensions\PhysicsValueMath.h">
      <Filter>Dimensions</Filter>
    </ClInclude>
    <ClInclude Include="..\..\..\STL\Dimensions\PhysicsValueVec.h">
      <Filter>Dimensions</Filter>
    </ClInclude>
    <ClInclude Include="..\..\..\STL\Dimensions\PhysicsValueVecI.h">
      <Filter>Dimensions</Filter>
    </ClInclude>
    <ClInclude Include="..\..\..\STL\Dimensions\RadiansAndDegrees.h">
      <Filter>Dimensions</Filter>
    </ClInclude>
    <ClInclude Include="..\..\..\STL\Defines\DefConfig.h">
      <Filter>Defines</Filter>
    </ClInclude>
    <ClInclude Include="..\..\..\STL\Defines\Defines.h">
      <Filter>Defines</Filter>
    </ClInclude>
    <ClInclude Include="..\..\..\STL\Defines\Errors.h">
      <Filter>Defines</Filter>
    </ClInclude>
    <ClInclude Include="..\..\..\STL\Defines\Init.h">
      <Filter>Defines</Filter>
    </ClInclude>
    <ClInclude Include="..\..\..\STL\Defines\PublicMacro.h">
      <Filter>Defines</Filter>
    </ClInclude>
    <ClInclude Include="..\..\..\STL\Files\BaseFile.h">
      <Filter>Files</Filter>
    </ClInclude>
    <ClInclude Include="..\..\..\STL\Files\CryptFile.h">
      <Filter>Files</Filter>
    </ClInclude>
    <ClInclude Include="..\..\..\STL\Files\HDDFile.h">
      <Filter>Files</Filter>
    </ClInclude>
    <ClInclude Include="..\..\..\STL\Files\LzmaFile.h">
      <Filter>Files</Filter>
    </ClInclude>
    <ClInclude Include="..\..\..\STL\Files\MemFile.h">
      <Filter>Files</Filter>
    </ClInclude>
    <ClInclude Include="..\..\..\STL\Files\SubFile.h">
      <Filter>Files</Filter>
    </ClInclude>
    <ClInclude Include="..\..\..\STL\Files\ZipFile.h">
      <Filter>Files</Filter>
    </ClInclude>
    <ClInclude Include="..\..\..\STL\Java\JavaArray.h">
      <Filter>Java</Filter>
    </ClInclude>
    <ClInclude Include="..\..\..\STL\Java\JavaClass.h">
      <Filter>Java</Filter>
    </ClInclude>
    <ClInclude Include="..\..\..\STL\Java\JavaEnvironment.h">
      <Filter>Java</Filter>
    </ClInclude>
    <ClInclude Include="..\..\..\STL\Java\JavaMethod.h">
      <Filter>Java</Filter>
    </ClInclude>
    <ClInclude Include="..\..\..\STL\Java\JavaMethodType.h">
      <Filter>Java</Filter>
    </ClInclude>
    <ClInclude Include="..\..\..\STL\Java\JavaString.h">
      <Filter>Java</Filter>
    </ClInclude>
    <ClInclude Include="..\..\..\STL\Java\JavaTypeInfo.h">
      <Filter>Java</Filter>
    </ClInclude>
    <ClInclude Include="..\..\..\STL\LibC\c_assert.h">
      <Filter>LibC</Filter>
    </ClInclude>
    <ClInclude Include="..\..\..\STL\LibC\libc.h">
      <Filter>LibC</Filter>
    </ClInclude>
    <ClInclude Include="..\..\..\STL\Math\Algebra.h">
      <Filter>Math</Filter>
    </ClInclude>
    <ClInclude Include="..\..\..\STL\Math\FastMath.h">
      <Filter>Math</Filter>
    </ClInclude>
    <ClInclude Include="..\..\..\STL\Math\Mathematics.h">
      <Filter>Math</Filter>
    </ClInclude>
    <ClInclude Include="..\..\..\STL\Math\MathFunc.h">
      <Filter>Math</Filter>
    </ClInclude>
    <ClInclude Include="..\..\..\STL\Math\MathTypes.h">
      <Filter>Math</Filter>
    </ClInclude>
    <ClInclude Include="..\..\..\STL\Math\TR11G11B10F.h">
      <Filter>Math</Filter>
    </ClInclude>
    <ClInclude Include="..\..\..\STL\Math\TRGB9_E5.h">
      <Filter>Math</Filter>
    </ClInclude>
    <ClInclude Include="..\..\..\STL\Math\Utils.h">
      <Filter>Math</Filter>
    </ClInclude>
    <ClInclude Include="..\..\..\STL\Math\Rand\NormalDistribution.h">
      <Filter>Math\Rand</Filter>
    </ClInclude>
    <ClInclude Include="..\..\..\STL\Math\Rand\Pseudorandom.h">
      <Filter>Math\Rand</Filter>
    </ClInclude>
    <ClInclude Include="..\..\..\STL\Math\Rand\RandEngine.h">
      <Filter>Math\Rand</Filter>
    </ClInclude>
    <ClInclude Include="..\..\..\STL\Math\Rand\Random.h">
      <Filter>Math\Rand</Filter>
    </ClInclude>
    <ClInclude Include="..\..\..\STL\Math\Rand\RandomWithChance.h">
      <Filter>Math\Rand</Filter>
    </ClInclude>
    <ClInclude Include="..\..\..\STL\OS\OSLowLevel.h">
      <Filter>OS</Filter>
    </ClInclude>
    <ClInclude Include="..\..\..\STL\OS\Android\OSAndroid.h">
      <Filter>OS\Android</Filter>
    </ClInclude>
    <ClInclude Include="..\..\..\STL\OS\Base\BaseFileSystem.h">
      <Filter>OS\Base</Filter>
    </ClInclude>
    <ClInclude Include="..\..\..\STL\OS\Base\Common.h">
      <Filter>OS\Base</Filter>
    </ClInclude>
    <ClInclude Include="..\..\..\STL\OS\Base\ConditionVariableEmulation.h">
      <Filter>OS\Base</Filter>
    </ClInclude>
    <ClInclude Include="..\..\..\STL\OS\Base\Date.h">
      <Filter>OS\Base</Filter>
    </ClInclude>
    <ClInclude Include="..\..\..\STL\OS\Base\ReadWriteSyncEmulation.h">
      <Filter>OS\Base</Filter>
    </ClInclude>
    <ClInclude Include="..\..\..\STL\OS\Base\SemaphoreEmulator.h">
      <Filter>OS\Base</Filter>
    </ClInclude>
    <ClInclude Include="..\..\..\STL\OS\Base\SyncEventEmulation.h">
      <Filter>OS\Base</Filter>
    </ClInclude>
    <ClInclude Include="..\..\..\STL\OS\Base\SyncPrimitives.h">
      <Filter>OS\Base</Filter>
    </ClInclude>
    <ClInclude Include="..\..\..\STL\OS\Windows\AtomicOp.h">
      <Filter>OS\Windows</Filter>
    </ClInclude>
    <ClInclude Include="..\..\..\STL\OS\Windows\FileSystem.h">
      <Filter>OS\Windows</Filter>
    </ClInclude>
    <ClInclude Include="..\..\..\STL\OS\Windows\Library.h">
      <Filter>OS\Windows</Filter>
    </ClInclude>
    <ClInclude Include="..\..\..\STL\OS\Windows\OSUtils.h">
      <Filter>OS\Windows</Filter>
    </ClInclude>
    <ClInclude Include="..\..\..\STL\OS\Windows\OSWindows.h">
      <Filter>OS\Windows</Filter>
    </ClInclude>
    <ClInclude Include="..\..\..\STL\OS\Windows\RandDevice.h">
      <Filter>OS\Windows</Filter>
    </ClInclude>
    <ClInclude Include="..\..\..\STL\OS\Windows\SyncPrimitives.h">
      <Filter>OS\Windows</Filter>
    </ClInclude>
    <ClInclude Include="..\..\..\STL\OS\Windows\Thread.h">
      <Filter>OS\Windows</Filter>
    </ClInclude>
    <ClInclude Include="..\..\..\STL\OS\Windows\Timer.h">
      <Filter>OS\Windows</Filter>
    </ClInclude>
    <ClInclude Include="..\..\..\STL\OS\SDL\FileSystem.h">
      <Filter>OS\SDL</Filter>
    </ClInclude>
    <ClInclude Include="..\..\..\STL\OS\SDL\Library.h">
      <Filter>OS\SDL</Filter>
    </ClInclude>
    <ClInclude Include="..\..\..\STL\OS\SDL\OS_SDL.h">
      <Filter>OS\SDL</Filter>
    </ClInclude>
    <ClInclude Include="..\..\..\STL\OS\SDL\RandDevice.h">
      <Filter>OS\SDL</Filter>
    </ClInclude>
    <ClInclude Include="..\..\..\STL\OS\SDL\SyncPrimitives.h">
      <Filter>OS\SDL</Filter>
    </ClInclude>
    <ClInclude Include="..\..\..\STL\OS\SDL\Thread.h">
      <Filter>OS\SDL</Filter>
    </ClInclude>
    <ClInclude Include="..\..\..\STL\OS\SDL\Timer.h">
      <Filter>OS\SDL</Filter>
    </ClInclude>
    <ClInclude Include="..\..\..\STL\OS\Posix\AtomicOp.h">
      <Filter>OS\Posix</Filter>
    </ClInclude>
    <ClInclude Include="..\..\..\STL\OS\Posix\FileSystem.h">
      <Filter>OS\Posix</Filter>
    </ClInclude>
    <ClInclude Include="..\..\..\STL\OS\Posix\Library.h">
      <Filter>OS\Posix</Filter>
    </ClInclude>
    <ClInclude Include="..\..\..\STL\OS\Posix\OSPosix.h">
      <Filter>OS\Posix</Filter>
    </ClInclude>
    <ClInclude Include="..\..\..\STL\OS\Posix\OSUtils.h">
      <Filter>OS\Posix</Filter>
    </ClInclude>
    <ClInclude Include="..\..\..\STL\OS\Posix\RandDevice.h">
      <Filter>OS\Posix</Filter>
    </ClInclude>
    <ClInclude Include="..\..\..\STL\OS\Posix\SyncPrimitives.h">
      <Filter>OS\Posix</Filter>
    </ClInclude>
    <ClInclude Include="..\..\..\STL\OS\Posix\Thread.h">
      <Filter>OS\Posix</Filter>
    </ClInclude>
    <ClInclude Include="..\..\..\STL\OS\Posix\Timer.h">
      <Filter>OS\Posix</Filter>
    </ClInclude>
    <ClInclude Include="..\..\..\STL\Platforms\CompilerGCC.h">
      <Filter>Platforms</Filter>
    </ClInclude>
    <ClInclude Include="..\..\..\STL\Platforms\CompilerMSVC.h">
      <Filter>Platforms</Filter>
    </ClInclude>
    <ClInclude Include="..\..\..\STL\Platforms\Platforms.h">
      <Filter>Platforms</Filter>
    </ClInclude>
    <ClInclude Include="..\..\..\STL\ScriptBindings\DefaultBindings.h">
      <Filter>ScriptBindings</Filter>
    </ClInclude>
    <ClInclude Include="..\..\..\STL\ScriptBindings\ScriptBinder.h">
      <Filter>ScriptBindings</Filter>
    </ClInclude>
    <ClInclude Include="..\..\..\STL\ScriptBindings\ScriptEngine.h">
      <Filter>ScriptBindings</Filter>
    </ClInclude>
    <ClInclude Include="..\..\..\STL\ScriptBindings\ScriptEnum.h">
      <Filter>ScriptBindings</Filter>
    </ClInclude>
    <ClInclude Include="..\..\..\STL\ScriptBindings\ScriptTypes.h">
      <Filter>ScriptBindings</Filter>
    </ClInclude>
    <ClInclude Include="..\..\..\STL\Types\FileAddress.h">
      <Filter>Types</Filter>
    </ClInclude>
    <ClInclude Include="..\..\..\STL\Types\Function.h">
      <Filter>Types</Filter>
    </ClInclude>
    <ClInclude Include="..\..\..\STL\Types\StringParser.h">
      <Filter>Types</Filter>
    </ClInclude>
    <ClInclude Include="..\..\..\STL\Types\StringUtils.h">
      <Filter>Types</Filter>
    </ClInclude>
    <ClInclude Include="..\..\..\STL\Types\TVariant.h">
      <Filter>Types</Filter>
    </ClInclude>
    <ClInclude Include="..\..\..\STL\Types\TypeId.h">
      <Filter>Types</Filter>
    </ClInclude>
    <ClInclude Include="..\..\..\STL\Types\TypesConfig.h">
      <Filter>Types</Filter>
    </ClInclude>
    <ClInclude Include="..\..\..\STL\Types\Utils.h">
      <Filter>Types</Filter>
    </ClInclude>
    <ClInclude Include="..\..\..\STL\Unicode\Utf8StringUtils.h">
      <Filter>Unicode</Filter>
    </ClInclude>
    <ClInclude Include="..\..\..\STL\ux_stl.h" />
    <ClInclude Include="..\..\..\STL\Log\Logger.h">
      <Filter>Log</Filter>
    </ClInclude>
    <ClInclude Include="..\..\..\STL\Log\ELog.h">
      <Filter>Log</Filter>
    </ClInclude>
    <ClInclude Include="..\..\..\STL\Types\Noncopyable.h">
      <Filter>Types</Filter>
    </ClInclude>
    <ClInclude Include="..\..\..\STL\ThreadSafe\Referenced.h">
      <Filter>ThreadSafe</Filter>
    </ClInclude>
    <ClInclude Include="..\..\..\STL\ThreadSafe\MtFile.h">
      <Filter>ThreadSafe</Filter>
    </ClInclude>
    <ClInclude Include="..\..\..\STL\CompileTime\PlainOldDataType.h">
      <Filter>CompileTime</Filter>
    </ClInclude>
    <ClInclude Include="..\..\..\STL\CompileTime\NewTypeInfo.h">
      <Filter>CompileTime</Filter>
    </ClInclude>
    <ClInclude Include="..\..\..\STL\Dimensions\PhysicsValueUtils.h">
      <Filter>Dimensions</Filter>
    </ClInclude>
    <ClInclude Include="..\..\..\STL\Defines\AuxiliaryDefines.h">
      <Filter>Defines</Filter>
    </ClInclude>
    <ClInclude Include="..\..\..\STL\Types\VariantRef.h">
      <Filter>Types</Filter>
    </ClInclude>
    <ClInclude Include="..\..\..\STL\ThreadSafe\AtomicPtr.h">
      <Filter>ThreadSafe</Filter>
    </ClInclude>
    <ClInclude Include="..\..\..\STL\Types\Optional.h">
      <Filter>Types</Filter>
    </ClInclude>
    <ClInclude Include="..\..\..\STL\Math\MathTypeCast.h">
      <Filter>Math</Filter>
    </ClInclude>
    <ClInclude Include="..\..\..\STL\OS\SDL\SDLUtils.h">
      <Filter>OS\SDL</Filter>
    </ClInclude>
    <ClInclude Include="..\..\..\STL\Time\FloatTimeImpl.h">
      <Filter>Time</Filter>
    </ClInclude>
    <ClInclude Include="..\..\..\STL\Time\IntTimeImpl.h">
      <Filter>Time</Filter>
    </ClInclude>
    <ClInclude Include="..\..\..\STL\Time\Time.h">
      <Filter>Time</Filter>
    </ClInclude>
    <ClInclude Include="..\..\..\STL\Filters\GaussianFilter.h">
      <Filter>Filters</Filter>
    </ClInclude>
    <ClInclude Include="..\..\..\STL\Containers\String.h">
      <Filter>Containers</Filter>
    </ClInclude>
    <ClInclude Include="..\..\..\STL\Containers\Array.h">
      <Filter>Containers</Filter>
    </ClInclude>
    <ClInclude Include="..\..\..\STL\Containers\CircularQueue.h">
      <Filter>Containers</Filter>
    </ClInclude>
    <ClInclude Include="..\..\..\STL\Containers\Stack.h">
      <Filter>Containers</Filter>
    </ClInclude>
    <ClInclude Include="..\..\..\STL\Containers\Map.h">
      <Filter>Containers</Filter>
    </ClInclude>
    <ClInclude Include="..\..\..\STL\Containers\Pair.h">
      <Filter>Containers</Filter>
    </ClInclude>
    <ClInclude Include="..\..\..\STL\Containers\Queue.h">
      <Filter>Containers</Filter>
    </ClInclude>
    <ClInclude Include="..\..\..\STL\Containers\Set.h">
      <Filter>Containers</Filter>
    </ClInclude>
    <ClInclude Include="..\..\..\STL\Containers\StaticArray.h">
      <Filter>Containers</Filter>
    </ClInclude>
    <ClInclude Include="..\..\..\STL\Containers\Buffer.h">
      <Filter>Containers</Filter>
    </ClInclude>
    <ClInclude Include="..\..\..\STL\Containers\UniBuffer.h">
      <Filter>Containers</Filter>
    </ClInclude>
    <ClInclude Include="..\..\..\STL\Containers\TStringRef.h">
      <Filter>Containers</Filter>
    </ClInclude>
    <ClInclude Include="..\..\..\STL\Memory\MemoryContainer.h">
      <Filter>Memory</Filter>
    </ClInclude>
    <ClInclude Include="..\..\..\STL\Memory\Allocators.h">
      <Filter>Memory</Filter>
    </ClInclude>
    <ClInclude Include="..\..\..\STL\Memory\MemFunc.h">
      <Filter>Memory</Filter>
    </ClInclude>
    <ClInclude Include="..\..\..\STL\Memory\MemFunc2.h">
      <Filter>Memory</Filter>
    </ClInclude>
    <ClInclude Include="..\..\..\STL\Types\UniquePtr.h">
      <Filter>Types</Filter>
    </ClInclude>
    <ClInclude Include="..\..\..\STL\Types\Union.h">
      <Filter>Types</Filter>
    </ClInclude>
    <ClInclude Include="..\..\..\STL\Types\Ptr.h">
      <Filter>Types</Filter>
    </ClInclude>
    <ClInclude Include="..\..\..\STL\Types\BufferedPtr.h">
      <Filter>Types</Filter>
    </ClInclude>
    <ClInclude Include="..\..\..\STL\Types\Crypt.h">
      <Filter>Types</Filter>
    </ClInclude>
    <ClInclude Include="..\..\..\STL\ThreadSafe\MultiThreadQueue.h">
      <Filter>ThreadSafe</Filter>
    </ClInclude>
    <ClInclude Include="..\..\..\STL\ThreadSafe\Atomic.h">
      <Filter>ThreadSafe</Filter>
    </ClInclude>
    <ClInclude Include="..\..\..\STL\Math\Color\Color.h">
      <Filter>Math\Color</Filter>
    </ClInclude>
    <ClInclude Include="..\..\..\STL\Math\Color\ColorFormatCompressed.h">
      <Filter>Math\Color</Filter>
    </ClInclude>
    <ClInclude Include="..\..\..\STL\Math\Color\ColorFormats.h">
      <Filter>Math\Color</Filter>
    </ClInclude>
    <ClInclude Include="..\..\..\STL\Math\Vec.h">
      <Filter>Math</Filter>
    </ClInclude>
    <ClInclude Include="..\..\..\STL\Math\VecI.h">
      <Filter>Math</Filter>
    </ClInclude>
    <ClInclude Include="..\..\..\STL\Math\Matrix2.h">
      <Filter>Math</Filter>
    </ClInclude>
    <ClInclude Include="..\..\..\STL\Math\Matrix3.h">
      <Filter>Math</Filter>
    </ClInclude>
    <ClInclude Include="..\..\..\STL\Math\Matrix4.h">
      <Filter>Math</Filter>
    </ClInclude>
    <ClInclude Include="..\..\..\STL\Math\MatrixCR.h">
      <Filter>Math</Filter>
    </ClInclude>
    <ClInclude Include="..\..\..\STL\Math\Quaternion.h">
      <Filter>Math</Filter>
    </ClInclude>
    <ClInclude Include="..\..\..\STL\Math\Image\ImageUtils.h">
      <Filter>Math\Image</Filter>
    </ClInclude>
    <ClInclude Include="..\..\..\STL\Math\2D\MathTypes2D.h">
      <Filter>Math\2D</Filter>
    </ClInclude>
    <ClInclude Include="..\..\..\STL\Math\2D\Rectangle.h">
      <Filter>Math\2D</Filter>
    </ClInclude>
    <ClInclude Include="..\..\..\STL\Math\2D\Circle.h">
      <Filter>Math\2D</Filter>
    </ClInclude>
    <ClInclude Include="..\..\..\STL\Math\2D\Line2.h">
      <Filter>Math\2D</Filter>
    </ClInclude>
    <ClInclude Include="..\..\..\STL\Math\2D\CoordTransform2.h">
      <Filter>Math\2D</Filter>
    </ClInclude>
    <ClInclude Include="..\..\..\STL\Math\3D\CoordTransform3.h">
      <Filter>Math\3D</Filter>
    </ClInclude>
    <ClInclude Include="..\..\..\STL\Math\3D\Frustum.h">
      <Filter>Math\3D</Filter>
    </ClInclude>
    <ClInclude Include="..\..\..\STL\Math\3D\Plane.h">
      <Filter>Math\3D</Filter>
    </ClInclude>
    <ClInclude Include="..\..\..\STL\Math\3D\Sphere.h">
      <Filter>Math\3D</Filter>
    </ClInclude>
    <ClInclude Include="..\..\..\STL\Math\3D\Transform.h">
      <Filter>Math\3D</Filter>
    </ClInclude>
    <ClInclude Include="..\..\..\STL\Math\3D\Triangle.h">
      <Filter>Math\3D</Filter>
    </ClInclude>
    <ClInclude Include="..\..\..\STL\Math\3D\MathTypes3D.h">
      <Filter>Math\3D</Filter>
    </ClInclude>
    <ClInclude Include="..\..\..\STL\Math\3D\Line3.h">
      <Filter>Math\3D</Filter>
    </ClInclude>
    <ClInclude Include="..\..\..\STL\Math\2D\OrientedRectangle.h">
      <Filter>Math\2D</Filter>
    </ClInclude>
    <ClInclude Include="..\..\..\STL\Math\3D\OrientedBox.h">
      <Filter>Math\3D</Filter>
    </ClInclude>
    <ClInclude Include="..\..\..\STL\Math\3D\AxisAlignedBox.h">
      <Filter>Math\3D</Filter>
    </ClInclude>
    <ClInclude Include="..\..\..\STL\Math\3D\PerspectiveCamera.h">
      <Filter>Math\3D</Filter>
    </ClInclude>
    <ClInclude Include="..\..\..\STL\BaseTypes\Bitfield.h">
      <Filter>BaseTypes</Filter>
    </ClInclude>
    <ClInclude Include="..\..\..\STL\Math\Spline\Spline.h">
      <Filter>Math\Spline</Filter>
    </ClInclude>
    <ClInclude Include="..\..\..\STL\BaseTypes\Fixed.h">
      <Filter>BaseTypes</Filter>
    </ClInclude>
    <ClInclude Include="..\..\..\STL\BaseTypes\Float.h">
      <Filter>BaseTypes</Filter>
    </ClInclude>
    <ClInclude Include="..\..\..\STL\BaseTypes\Half.h">
      <Filter>BaseTypes</Filter>
    </ClInclude>
    <ClInclude Include="..\..\..\STL\BaseTypes\UFloat.h">
      <Filter>BaseTypes</Filter>
    </ClInclude>
    <ClInclude Include="..\..\..\STL\CompileTime\StaticInteger.h">
      <Filter>CompileTime</Filter>
    </ClInclude>
    <ClInclude Include="..\..\..\STL\CompileTime\StaticFloat.h">
      <Filter>CompileTime</Filter>
    </ClInclude>
    <ClInclude Include="..\..\..\STL\CompileTime\Fractional.h">
      <Filter>CompileTime</Filter>
    </ClInclude>
    <ClInclude Include="..\..\..\STL\Containers\BitArray.h">
      <Filter>Containers</Filter>
    </ClInclude>
    <ClInclude Include="..\..\..\STL\Containers\StaticBitArray.h">
      <Filter>Containers</Filter>
    </ClInclude>
    <ClInclude Include="..\..\..\STL\Time\TimeProfiler.h">
      <Filter>Time</Filter>
    </ClInclude>
    <ClInclude Include="..\..\..\STL\Math\MatrixUtils.h">
      <Filter>Math</Filter>
    </ClInclude>
    <ClInclude Include="..\..\..\STL\Math\Matrix.h">
      <Filter>Math</Filter>
    </ClInclude>
    <ClInclude Include="..\..\..\STL\Types\Limit.h">
      <Filter>Types</Filter>
    </ClInclude>
    <ClInclude Include="..\..\..\STL\Types\StaticLimit.h">
      <Filter>Types</Filter>
    </ClInclude>
    <ClInclude Include="..\..\..\STL\ThreadSafe\Singleton.h">
      <Filter>ThreadSafe</Filter>
    </ClInclude>
    <ClInclude Include="..\..\..\STL\CompileTime\TypeListUtils.h">
      <Filter>CompileTime</Filter>
    </ClInclude>
    <ClInclude Include="..\..\..\STL\CompileTime\TypeListHelpers.h">
      <Filter>CompileTime</Filter>
    </ClInclude>
    <ClInclude Include="..\..\..\STL\CompileTime\CompileTimeDebug.h">
      <Filter>CompileTime</Filter>
    </ClInclude>
    <ClInclude Include="..\..\..\STL\CompileTime\NearType.h">
      <Filter>CompileTime</Filter>
    </ClInclude>
    <ClInclude Include="..\..\..\STL\Types\FunctionImpl.h">
      <Filter>Types</Filter>
    </ClInclude>
    <ClInclude Include="..\..\..\STL\Defines\EnumHelpers.h">
      <Filter>Defines</Filter>
    </ClInclude>
    <ClInclude Include="..\..\..\STL\Containers\List.h">
      <Filter>Containers</Filter>
    </ClInclude>
    <ClInclude Include="..\..\..\STL\CompileTime\TypeQualifier.h">
      <Filter>CompileTime</Filter>
    </ClInclude>
    <ClInclude Include="..\..\..\STL\Types\ScopeSetter.h">
      <Filter>Types</Filter>
    </ClInclude>
    <ClInclude Include="..\..\..\STL\Types\Noninstancable.h">
      <Filter>Types</Filter>
    </ClInclude>
    <ClInclude Include="..\..\..\STL\Types\Hash.h">
      <Filter>Types</Filter>
    </ClInclude>
    <ClInclude Include="..\..\..\STL\Containers\HashSet.h">
      <Filter>Containers</Filter>
    </ClInclude>
    <ClInclude Include="..\..\..\STL\Containers\MapUtils.h">
      <Filter>Containers</Filter>
    </ClInclude>
    <ClInclude Include="..\..\..\STL\Containers\HashMap.h">
      <Filter>Containers</Filter>
    </ClInclude>
    <ClInclude Include="..\..\..\STL\CompileTime\AlignedType.h">
      <Filter>CompileTime</Filter>
    </ClInclude>
  </ItemGroup>
  <ItemGroup>
    <ClCompile Include="..\..\..\STL\Java\Java.cpp">
      <Filter>Java</Filter>
    </ClCompile>
    <ClCompile Include="..\..\..\STL\OS\Windows\SyncPrimitives.cpp">
      <Filter>OS\Windows</Filter>
    </ClCompile>
    <ClCompile Include="..\..\..\STL\ScriptBindings\DefaultBindings.cpp">
      <Filter>ScriptBindings</Filter>
    </ClCompile>
    <ClCompile Include="..\..\..\STL\Types\TypesUtils.cpp">
      <Filter>Types</Filter>
    </ClCompile>
    <ClCompile Include="..\..\..\STL\Unicode\Utf8StringUtils.cpp">
      <Filter>Unicode</Filter>
    </ClCompile>
    <ClCompile Include="..\..\..\STL\Log\Logger.cpp">
      <Filter>Log</Filter>
    </ClCompile>
    <ClCompile Include="..\..\..\STL\OS\Windows\OSUtils.cpp">
      <Filter>OS\Windows</Filter>
    </ClCompile>
    <ClCompile Include="..\..\..\STL\OS\Windows\OSWindows.cpp">
      <Filter>OS\Windows</Filter>
    </ClCompile>
    <ClCompile Include="..\..\..\STL\OS\SDL\SDLUtils.cpp">
      <Filter>OS\SDL</Filter>
    </ClCompile>
    <ClCompile Include="..\..\..\STL\OS\Base\Date.cpp">
      <Filter>OS\Base</Filter>
    </ClCompile>
    <ClCompile Include="..\..\..\STL\Types\StringParser.cpp">
      <Filter>Types</Filter>
    </ClCompile>
    <ClCompile Include="..\..\..\STL\ScriptBindings\ScriptEngine.cpp">
      <Filter>ScriptBindings</Filter>
    </ClCompile>
    <ClCompile Include="..\..\..\STL\ScriptBindings\ScriptBinder.cpp">
      <Filter>ScriptBindings</Filter>
    </ClCompile>
    <ClCompile Include="..\..\..\STL\Types\FileAddress.cpp">
      <Filter>Types</Filter>
    </ClCompile>
  </ItemGroup>
</Project>