<?xml version="1.0" encoding="utf-8"?>
<Project ToolsVersion="4.0" xmlns="http://schemas.microsoft.com/developer/msbuild/2003">
  <ItemGroup>
    <Filter Include="gl">
      <UniqueIdentifier>{a756049d-0ddd-4b8a-a7a4-e7b48a7fc5af}</UniqueIdentifier>
    </Filter>
    <Filter Include="Core">
      <UniqueIdentifier>{06387e27-d962-4bde-857e-28607b2f2186}</UniqueIdentifier>
    </Filter>
    <Filter Include="gl\Shaders">
      <UniqueIdentifier>{a889e522-60ee-4c35-9745-2b1424e610cd}</UniqueIdentifier>
    </Filter>
    <Filter Include="Particles">
      <UniqueIdentifier>{60f22996-6053-4b0c-abbc-2e3b76a9fc0a}</UniqueIdentifier>
    </Filter>
    <Filter Include="Tiles">
      <UniqueIdentifier>{45333e34-14cc-4810-a999-0d7a7216f0cf}</UniqueIdentifier>
    </Filter>
    <Filter Include="Samples">
      <UniqueIdentifier>{c8ad2848-31ee-45ed-b0cd-842178f31727}</UniqueIdentifier>
    </Filter>
    <Filter Include="Samples\Particles">
      <UniqueIdentifier>{a64ce469-9997-4c5c-85f5-73db13c97450}</UniqueIdentifier>
    </Filter>
    <Filter Include="gl\Core">
      <UniqueIdentifier>{5929fe4e-0a17-4c3e-8e31-e5d083d17d12}</UniqueIdentifier>
    </Filter>
    <Filter Include="gl\Core\Common">
      <UniqueIdentifier>{d1039871-9819-4ce1-907d-b6f2e9bdc217}</UniqueIdentifier>
    </Filter>
    <Filter Include="gl\Core\Math">
      <UniqueIdentifier>{7bb731c3-4574-48dd-8634-b5b58898d1db}</UniqueIdentifier>
    </Filter>
    <Filter Include="gl\Core\Noise">
      <UniqueIdentifier>{81c43bd3-b0bf-4da8-b019-5a43741dca1b}</UniqueIdentifier>
    </Filter>
    <Filter Include="Samples\SimpleLandscape">
      <UniqueIdentifier>{6e54db22-c567-4664-88d4-bd0cd9e8b61a}</UniqueIdentifier>
    </Filter>
    <Filter Include="Samples\TessLandscape">
      <UniqueIdentifier>{24ae3eb0-0dd0-4d41-9dc3-c91229cd4a24}</UniqueIdentifier>
    </Filter>
    <Filter Include="gl\Core\RayTrace">
      <UniqueIdentifier>{333eee9a-e554-4a3d-a6bd-e09480f48b6b}</UniqueIdentifier>
    </Filter>
    <Filter Include="gl\Core\Effects">
      <UniqueIdentifier>{54302184-85a6-4594-bef1-a8d5d24301eb}</UniqueIdentifier>
    </Filter>
    <Filter Include="gl\Compute">
      <UniqueIdentifier>{d758a578-cc99-4628-beae-8866fb6b7795}</UniqueIdentifier>
    </Filter>
    <Filter Include="gl\Graphics">
      <UniqueIdentifier>{50f06038-fddd-4767-8351-e7b8ac053017}</UniqueIdentifier>
    </Filter>
    <Filter Include="gl\Compute\Microscheme">
      <UniqueIdentifier>{0c3d6c42-70b7-45ef-bbd5-c02a3d4b6dec}</UniqueIdentifier>
    </Filter>
    <Filter Include="gl\Compute\SimpleLandscape">
      <UniqueIdentifier>{8497d2ba-1fbf-44ff-b15b-4e21c8c87bbd}</UniqueIdentifier>
    </Filter>
    <Filter Include="gl\Compute\TessLandscape">
      <UniqueIdentifier>{ad06477d-0651-49bb-9de3-bcf1dc6ef9ac}</UniqueIdentifier>
    </Filter>
    <Filter Include="gl\Compute\ThousandsOfStars">
      <UniqueIdentifier>{02dff67d-3be5-455d-b2f3-bebd28e5a117}</UniqueIdentifier>
    </Filter>
    <Filter Include="gl\Graphics\Simple3D">
      <UniqueIdentifier>{b74a0420-0f0e-49f4-adee-c31f79bdb9f7}</UniqueIdentifier>
    </Filter>
    <Filter Include="gl\Graphics\TessLandscape">
      <UniqueIdentifier>{71ae25f3-672c-4192-b920-c86245ed4bfc}</UniqueIdentifier>
    </Filter>
    <Filter Include="gl\Graphics\SimpleParticles">
      <UniqueIdentifier>{d540db7f-ceca-45c0-8962-5ab5e5d91e27}</UniqueIdentifier>
    </Filter>
    <Filter Include="gl\Core\Particles">
      <UniqueIdentifier>{16044567-acaf-4eec-938b-de8ea4dee4ee}</UniqueIdentifier>
    </Filter>
    <Filter Include="Controllers">
      <UniqueIdentifier>{1ee35630-cd74-4b93-9d0f-b5f92257cba8}</UniqueIdentifier>
    </Filter>
    <Filter Include="gl\Core\Hash">
      <UniqueIdentifier>{f114c982-ade1-4077-a65b-2f83de1ebe41}</UniqueIdentifier>
    </Filter>
    <Filter Include="gl\Core\Physics">
      <UniqueIdentifier>{c9ada00b-775e-4b60-8431-e40845d7e44a}</UniqueIdentifier>
    </Filter>
    <Filter Include="gl\Core\SDF">
      <UniqueIdentifier>{d99fe68f-f8da-415e-a4ea-01fd4021f06a}</UniqueIdentifier>
    </Filter>
    <Filter Include="Samples\RayTraycing">
      <UniqueIdentifier>{ec87f997-c40e-4b3d-ad51-c1a37eb7108a}</UniqueIdentifier>
    </Filter>
    <Filter Include="gl\Compute\SinglePassRayTracing2D">
      <UniqueIdentifier>{a4ce15af-4719-4ef7-9d41-7d1143e554c6}</UniqueIdentifier>
    </Filter>
    <Filter Include="gl\Compute\SinglePassRayTracing3D">
      <UniqueIdentifier>{7e1d5fd1-f34e-40ce-9e8e-abf77c60cde4}</UniqueIdentifier>
    </Filter>
    <Filter Include="Samples\InteractiveParticles">
      <UniqueIdentifier>{8ccfbe52-daf3-410a-9b22-77520d46f2c0}</UniqueIdentifier>
    </Filter>
    <Filter Include="gl\Compute\InteractiveParticles">
      <UniqueIdentifier>{0315e80d-7dbf-49cf-865f-fed764dad336}</UniqueIdentifier>
    </Filter>
    <Filter Include="gl\Compute\Particles">
      <UniqueIdentifier>{855969da-e99b-4f6e-ba4c-f686b5efce4f}</UniqueIdentifier>
    </Filter>
  </ItemGroup>
  <ItemGroup>
    <ClInclude Include="..\..\..\Projects\ShaderEditor\Core\ShaderEditor.h">
      <Filter>Core</Filter>
    </ClInclude>
    <ClInclude Include="..\..\..\Projects\ShaderEditor\Core\Common.h">
      <Filter>Core</Filter>
    </ClInclude>
    <ClInclude Include="..\..\..\Projects\ShaderEditor\Core\Renderer.h">
      <Filter>Core</Filter>
    </ClInclude>
    <ClInclude Include="..\..\..\Projects\ShaderEditor\Tiles\TilesManager.h">
      <Filter>Tiles</Filter>
    </ClInclude>
    <ClInclude Include="..\..\..\Projects\ShaderEditor\Tiles\Tile.h">
      <Filter>Tiles</Filter>
    </ClInclude>
    <ClInclude Include="..\..\..\Projects\ShaderEditor\Core\ISample.h">
      <Filter>Core</Filter>
    </ClInclude>
    <ClInclude Include="..\..\..\Projects\ShaderEditor\Samples\SimpleLandscape\SimpleLandscapeSample.h">
      <Filter>Samples\SimpleLandscape</Filter>
    </ClInclude>
    <ClInclude Include="..\..\..\Projects\ShaderEditor\Samples\TessLandscape\TessLandscapeSample.h">
      <Filter>Samples\TessLandscape</Filter>
    </ClInclude>
    <ClInclude Include="..\..\..\Projects\ShaderEditor\Core\IGenerator.h">
      <Filter>Core</Filter>
    </ClInclude>
    <ClInclude Include="..\..\..\Projects\ShaderEditor\Core\IShader.h">
      <Filter>Core</Filter>
    </ClInclude>
    <ClInclude Include="..\..\..\Projects\ShaderEditor\Particles\ParticleEmitter.h">
      <Filter>Particles</Filter>
    </ClInclude>
    <ClInclude Include="..\..\..\Projects\ShaderEditor\Samples\Particles\ParticlesSample.h">
      <Filter>Samples\Particles</Filter>
    </ClInclude>
    <ClInclude Include="..\..\..\Projects\ShaderEditor\Controllers\FlightCameraController.h">
      <Filter>Controllers</Filter>
    </ClInclude>
    <ClInclude Include="..\..\..\Projects\ShaderEditor\Controllers\FreeCameraController.h">
      <Filter>Controllers</Filter>
    </ClInclude>
    <ClInclude Include="..\..\..\Projects\ShaderEditor\Controllers\IController.h">
      <Filter>Controllers</Filter>
    </ClInclude>
    <ClInclude Include="..\..\..\Projects\ShaderEditor\Controllers\ScaleBiasController.h">
      <Filter>Controllers</Filter>
    </ClInclude>
    <ClInclude Include="..\..\..\Projects\ShaderEditor\Samples\RayTracing\RayTracingSamples.h">
      <Filter>Samples\RayTraycing</Filter>
    </ClInclude>
    <ClInclude Include="..\..\..\Projects\ShaderEditor\Samples\InteractiveParticles\InteractiveParticlesSample.h">
      <Filter>Samples\InteractiveParticles</Filter>
    </ClInclude>
  </ItemGroup>
  <ItemGroup>
    <ClCompile Include="..\..\..\Projects\ShaderEditor\Core\ShaderEditor.cpp">
      <Filter>Core</Filter>
    </ClCompile>
    <ClCompile Include="..\..\..\Projects\ShaderEditor\Core\Renderer.cpp">
      <Filter>Core</Filter>
    </ClCompile>
    <ClCompile Include="..\..\..\Projects\ShaderEditor\Tiles\TilesManager.cpp">
      <Filter>Tiles</Filter>
    </ClCompile>
    <ClCompile Include="..\..\..\Projects\ShaderEditor\Tiles\Tile.cpp">
      <Filter>Tiles</Filter>
    </ClCompile>
    <ClCompile Include="..\..\..\Projects\ShaderEditor\Core\ISample.cpp">
      <Filter>Core</Filter>
    </ClCompile>
    <ClCompile Include="..\..\..\Projects\ShaderEditor\Main.cpp" />
    <ClCompile Include="..\..\..\Projects\ShaderEditor\Samples\SimpleLandscape\SimpleLandscapeSample.cpp">
      <Filter>Samples\SimpleLandscape</Filter>
    </ClCompile>
    <ClCompile Include="..\..\..\Projects\ShaderEditor\Samples\TessLandscape\TessLandscapeSample.cpp">
      <Filter>Samples\TessLandscape</Filter>
    </ClCompile>
    <ClCompile Include="..\..\..\Projects\ShaderEditor\gl\Compute\Microscheme\MicroschemeShader.cpp">
      <Filter>gl\Compute\Microscheme</Filter>
    </ClCompile>
    <ClCompile Include="..\..\..\Projects\ShaderEditor\gl\Compute\TessLandscape\TessLandscapeGenerator.cpp">
      <Filter>gl\Compute\TessLandscape</Filter>
    </ClCompile>
    <ClCompile Include="..\..\..\Projects\ShaderEditor\gl\Compute\SimpleLandscape\SimpleLandscapeGenerator.cpp">
      <Filter>gl\Compute\SimpleLandscape</Filter>
    </ClCompile>
    <ClCompile Include="..\..\..\Projects\ShaderEditor\gl\Graphics\Simple3D\Simple3DShader.cpp">
      <Filter>gl\Graphics\Simple3D</Filter>
    </ClCompile>
    <ClCompile Include="..\..\..\Projects\ShaderEditor\gl\Graphics\TessLandscape\TessLandscapeShader.cpp">
      <Filter>gl\Graphics\TessLandscape</Filter>
    </ClCompile>
    <ClCompile Include="..\..\..\Projects\ShaderEditor\Particles\ParticleEmitter.cpp">
      <Filter>Particles</Filter>
    </ClCompile>
    <ClCompile Include="..\..\..\Projects\ShaderEditor\Samples\Particles\ParticlesSample.cpp">
      <Filter>Samples\Particles</Filter>
    </ClCompile>
    <ClCompile Include="..\..\..\Projects\ShaderEditor\gl\Compute\ThousandsOfStars\ThousandsOfStarsGenerator.cpp">
      <Filter>gl\Compute\ThousandsOfStars</Filter>
    </ClCompile>
    <ClCompile Include="..\..\..\Projects\ShaderEditor\gl\Graphics\SimpleParticles\SimpleParticlesShader.cpp">
      <Filter>gl\Graphics\SimpleParticles</Filter>
    </ClCompile>
    <ClCompile Include="..\..\..\Projects\ShaderEditor\Samples\RayTracing\RayTracingSamples.cpp">
      <Filter>Samples\RayTraycing</Filter>
    </ClCompile>
    <ClCompile Include="..\..\..\Projects\ShaderEditor\gl\Compute\SinglePassRayTracing3D\SinglePass3DGenerator.cpp">
      <Filter>gl\Compute\SinglePassRayTracing3D</Filter>
    </ClCompile>
    <ClCompile Include="..\..\..\Projects\ShaderEditor\gl\Compute\SinglePassRayTracing2D\SinglePass2DGenerator.cpp">
      <Filter>gl\Compute\SinglePassRayTracing2D</Filter>
    </ClCompile>
    <ClCompile Include="..\..\..\Projects\ShaderEditor\Samples\InteractiveParticles\InteractiveParticlesSample.cpp">
      <Filter>Samples\InteractiveParticles</Filter>
    </ClCompile>
    <ClCompile Include="..\..\..\Projects\ShaderEditor\gl\Compute\InteractiveParticles\InteractiveParticlesGenerator.cpp">
      <Filter>gl\Compute\InteractiveParticles</Filter>
    </ClCompile>
    <ClCompile Include="..\..\..\Projects\ShaderEditor\gl\Compute\Particles\SimpleParticlesGenerator.cpp">
      <Filter>gl\Compute\Particles</Filter>
    </ClCompile>
  </ItemGroup>
  <ItemGroup>
    <None Include="..\..\..\Projects\ShaderEditor\gl\Common.glcs">
      <Filter>gl</Filter>
    </None>
    <None Include="..\..\..\Projects\ShaderEditor\gl\Shaders\textureView.glsl">
      <Filter>gl\Shaders</Filter>
    </None>
    <None Include="..\..\..\Projects\ShaderEditor\gl\Shaders\textureViewI.glsl">
      <Filter>gl\Shaders</Filter>
    </None>
    <None Include="..\..\..\Projects\ShaderEditor\gl\Shaders\textureViewU.glsl">
      <Filter>gl\Shaders</Filter>
    </None>
    <None Include="..\..\..\Projects\ShaderEditor\gl\Core\Common\Defines.glcs">
      <Filter>gl\Core\Common</Filter>
    </None>
    <None Include="..\..\..\Projects\ShaderEditor\gl\Core\Common\GlobalIndex.glcs">
      <Filter>gl\Core\Common</Filter>
    </None>
    <None Include="..\..\..\Projects\ShaderEditor\gl\Core\Math\Color.glcs">
      <Filter>gl\Core\Math</Filter>
    </None>
    <None Include="..\..\..\Projects\ShaderEditor\gl\Core\Math\Math.glcs">
      <Filter>gl\Core\Math</Filter>
    </None>
    <None Include="..\..\..\Projects\ShaderEditor\gl\Core\Math\Matrix.glcs">
      <Filter>gl\Core\Math</Filter>
    </None>
    <None Include="..\..\..\Projects\ShaderEditor\gl\Core\Math\Quaternion.glcs">
      <Filter>gl\Core\Math</Filter>
    </None>
    <None Include="..\..\..\Projects\ShaderEditor\gl\Core\Noise\Cellular.glcs">
      <Filter>gl\Core\Noise</Filter>
    </None>
    <None Include="..\..\..\Projects\ShaderEditor\gl\Core\Noise\FBM.glcs">
      <Filter>gl\Core\Noise</Filter>
    </None>
    <None Include="..\..\..\Projects\ShaderEditor\gl\Core\Noise\Gabor.glcs">
      <Filter>gl\Core\Noise</Filter>
    </None>
    <None Include="..\..\..\Projects\ShaderEditor\gl\Core\Noise\Perlin.glcs">
      <Filter>gl\Core\Noise</Filter>
    </None>
    <None Include="..\..\..\Projects\ShaderEditor\gl\Core\Noise\Simplex.glcs">
      <Filter>gl\Core\Noise</Filter>
    </None>
    <None Include="..\..\..\Projects\ShaderEditor\gl\Core\Noise\Voronoi.glcs">
      <Filter>gl\Core\Noise</Filter>
    </None>
    <None Include="..\..\..\Projects\ShaderEditor\gl\Core\Noise\VoronoiNoise.glcs">
      <Filter>gl\Core\Noise</Filter>
    </None>
    <None Include="..\..\..\Projects\ShaderEditor\gl\Core\Noise\Billow.glcs">
      <Filter>gl\Core\Noise</Filter>
    </None>
    <None Include="..\..\..\Projects\ShaderEditor\gl\Core\Noise\_NoiseUtils.glcs">
      <Filter>gl\Core\Noise</Filter>
    </None>
    <None Include="..\..\..\Projects\ShaderEditor\gl\Core\Effects\Blur.glcs">
      <Filter>gl\Core\Effects</Filter>
    </None>
    <None Include="..\..\..\Projects\ShaderEditor\gl\Compute\Microscheme\create_grid.glcs">
      <Filter>gl\Compute\Microscheme</Filter>
    </None>
    <None Include="..\..\..\Projects\ShaderEditor\gl\Compute\Microscheme\main.glcs">
      <Filter>gl\Compute\Microscheme</Filter>
    </None>
    <None Include="..\..\..\Projects\ShaderEditor\gl\Compute\ThousandsOfStars\pass1.glcs">
      <Filter>gl\Compute\ThousandsOfStars</Filter>
    </None>
    <None Include="..\..\..\Projects\ShaderEditor\gl\Compute\ThousandsOfStars\pass2.glcs">
      <Filter>gl\Compute\ThousandsOfStars</Filter>
    </None>
    <None Include="..\..\..\Projects\ShaderEditor\gl\Compute\TessLandscape\gen_diffuse.glcs">
      <Filter>gl\Compute\TessLandscape</Filter>
    </None>
    <None Include="..\..\..\Projects\ShaderEditor\gl\Compute\TessLandscape\gen_landscape.glcs">
      <Filter>gl\Compute\TessLandscape</Filter>
    </None>
    <None Include="..\..\..\Projects\ShaderEditor\gl\Compute\TessLandscape\vertex.glcs">
      <Filter>gl\Compute\TessLandscape</Filter>
    </None>
    <None Include="..\..\..\Projects\ShaderEditor\gl\Compute\SimpleLandscape\gen_diffuse.glcs">
      <Filter>gl\Compute\SimpleLandscape</Filter>
    </None>
    <None Include="..\..\..\Projects\ShaderEditor\gl\Compute\SimpleLandscape\gen_height.glcs">
      <Filter>gl\Compute\SimpleLandscape</Filter>
    </None>
    <None Include="..\..\..\Projects\ShaderEditor\gl\Compute\SimpleLandscape\gen_landscape.glcs">
      <Filter>gl\Compute\SimpleLandscape</Filter>
    </None>
    <None Include="..\..\..\Projects\ShaderEditor\gl\Compute\SimpleLandscape\gen_normals.glcs">
      <Filter>gl\Compute\SimpleLandscape</Filter>
    </None>
    <None Include="..\..\..\Projects\ShaderEditor\gl\Compute\SimpleLandscape\vertex.glcs">
      <Filter>gl\Compute\SimpleLandscape</Filter>
    </None>
    <None Include="..\..\..\Projects\ShaderEditor\gl\Graphics\TessLandscape\shader.glsl">
      <Filter>gl\Graphics\TessLandscape</Filter>
    </None>
    <None Include="..\..\..\Projects\ShaderEditor\gl\Graphics\Simple3D\shader.glsl">
      <Filter>gl\Graphics\Simple3D</Filter>
    </None>
    <None Include="..\..\..\Projects\ShaderEditor\gl\Core\Particles\Emitters.glcs">
      <Filter>gl\Core\Particles</Filter>
    </None>
    <None Include="..\..\..\Projects\ShaderEditor\gl\Core\Math\MathDef.glcs">
      <Filter>gl\Core\Math</Filter>
    </None>
    <None Include="..\..\..\Projects\ShaderEditor\gl\Graphics\SimpleParticles\dots.glsl">
      <Filter>gl\Graphics\SimpleParticles</Filter>
    </None>
    <None Include="..\..\..\Projects\ShaderEditor\gl\Graphics\SimpleParticles\rays.glsl">
      <Filter>gl\Graphics\SimpleParticles</Filter>
    </None>
    <None Include="..\..\..\Projects\ShaderEditor\gl\Core\Math\BitMath.glcs">
      <Filter>gl\Core\Math</Filter>
    </None>
    <None Include="..\..\..\Projects\ShaderEditor\gl\Core\Common\TypeInfo.glcs">
      <Filter>gl\Core\Common</Filter>
    </None>
    <None Include="..\..\..\Projects\ShaderEditor\gl\Core\Common\Cmp.glcs">
      <Filter>gl\Core\Common</Filter>
    </None>
    <None Include="..\..\..\Projects\ShaderEditor\gl\Core\Math\Utils.glcs">
      <Filter>gl\Core\Math</Filter>
    </None>
    <None Include="..\..\..\Projects\ShaderEditor\gl\Core\Particles\Colors.glcs">
      <Filter>gl\Core\Particles</Filter>
    </None>
    <None Include="..\..\..\Projects\ShaderEditor\gl\Core\Noise\Turbulence.glcs">
      <Filter>gl\Core\Noise</Filter>
    </None>
    <None Include="..\..\..\Projects\ShaderEditor\gl\Core\Hash\DHash.glcs">
      <Filter>gl\Core\Hash</Filter>
    </None>
    <None Include="..\..\..\Projects\ShaderEditor\gl\Core\Hash\Hash.glcs">
      <Filter>gl\Core\Hash</Filter>
    </None>
    <None Include="..\..\..\Projects\ShaderEditor\gl\Core\Hash\Hash2.glcs">
      <Filter>gl\Core\Hash</Filter>
    </None>
    <None Include="..\..\..\Projects\ShaderEditor\gl\Core\Physics\Gravity.glcs">
      <Filter>gl\Core\Physics</Filter>
    </None>
    <None Include="..\..\..\Projects\ShaderEditor\gl\Core\Physics\Magnetism.glcs">
      <Filter>gl\Core\Physics</Filter>
    </None>
    <None Include="..\..\..\Projects\ShaderEditor\gl\Core\Noise\VoronoiLines.glcs">
      <Filter>gl\Core\Noise</Filter>
    </None>
    <None Include="..\..\..\Projects\ShaderEditor\gl\Graphics\SimpleParticles\point_sprites.glsl">
      <Filter>gl\Graphics\SimpleParticles</Filter>
    </None>
    <None Include="..\..\..\Projects\ShaderEditor\gl\Core\Math\AABBox.glcs">
      <Filter>gl\Core\Math</Filter>
    </None>
    <None Include="..\..\..\Projects\ShaderEditor\gl\Compute\TessLandscape\gen_displacement.glcs">
      <Filter>gl\Compute\TessLandscape</Filter>
    </None>
    <None Include="..\..\..\Projects\ShaderEditor\gl\Core\SDF\DefaultSDF.glcs">
      <Filter>gl\Core\SDF</Filter>
    </None>
    <None Include="..\..\..\Projects\ShaderEditor\gl\Compute\SinglePassRayTracing2D\voronoi_recursion.glcs">
      <Filter>gl\Compute\SinglePassRayTracing2D</Filter>
    </None>
    <None Include="..\..\..\Projects\ShaderEditor\gl\Compute\SinglePassRayTracing2D\voronoi_pattern.glcs">
      <Filter>gl\Compute\SinglePassRayTracing2D</Filter>
    </None>
    <None Include="..\..\..\Projects\ShaderEditor\gl\Compute\SinglePassRayTracing2D\voronoi_pattern1.glcs">
      <Filter>gl\Compute\SinglePassRayTracing2D</Filter>
    </None>
    <None Include="..\..\..\Projects\ShaderEditor\gl\Compute\SinglePassRayTracing2D\voronoi_pattern2.glcs">
      <Filter>gl\Compute\SinglePassRayTracing2D</Filter>
    </None>
    <None Include="..\..\..\Projects\ShaderEditor\gl\Compute\SinglePassRayTracing2D\voronoi_lines.glcs">
      <Filter>gl\Compute\SinglePassRayTracing2D</Filter>
    </None>
    <None Include="..\..\..\Projects\ShaderEditor\gl\Compute\SinglePassRayTracing3D\spheres2d.glcs">
      <Filter>gl\Compute\SinglePassRayTracing3D</Filter>
    </None>
    <None Include="..\..\..\Projects\ShaderEditor\gl\Compute\InteractiveParticles\init.glcs">
      <Filter>gl\Compute\InteractiveParticles</Filter>
    </None>
    <None Include="..\..\..\Projects\ShaderEditor\gl\Compute\InteractiveParticles\shared.glcs">
      <Filter>gl\Compute\InteractiveParticles</Filter>
    </None>
    <None Include="..\..\..\Projects\ShaderEditor\gl\Compute\InteractiveParticles\update.glcs">
      <Filter>gl\Compute\InteractiveParticles</Filter>
    </None>
    <None Include="..\..\..\Projects\ShaderEditor\gl\Compute\Particles\init.glcs">
      <Filter>gl\Compute\Particles</Filter>
    </None>
    <None Include="..\..\..\Projects\ShaderEditor\gl\Compute\Particles\shared.glcs">
      <Filter>gl\Compute\Particles</Filter>
    </None>
    <None Include="..\..\..\Projects\ShaderEditor\gl\Compute\Particles\shared-1.glcs">
      <Filter>gl\Compute\Particles</Filter>
    </None>
    <None Include="..\..\..\Projects\ShaderEditor\gl\Compute\Particles\shared-2.glcs">
      <Filter>gl\Compute\Particles</Filter>
    </None>
    <None Include="..\..\..\Projects\ShaderEditor\gl\Compute\Particles\shared-3.glcs">
      <Filter>gl\Compute\Particles</Filter>
    </None>
    <None Include="..\..\..\Projects\ShaderEditor\gl\Compute\Particles\shared-4.glcs">
      <Filter>gl\Compute\Particles</Filter>
    </None>
    <None Include="..\..\..\Projects\ShaderEditor\gl\Compute\Particles\shared-5.glcs">
      <Filter>gl\Compute\Particles</Filter>
    </None>
    <None Include="..\..\..\Projects\ShaderEditor\gl\Compute\Particles\update.glcs">
      <Filter>gl\Compute\Particles</Filter>
    </None>
    <None Include="..\..\..\Projects\ShaderEditor\gl\Compute\Particles\vertex.glcs">
      <Filter>gl\Compute\Particles</Filter>
    </None>
  </ItemGroup>
</Project>